
Microsoft Visual Studio Solution File, Format Version 12.00
# Visual Studio Version 17
VisualStudioVersion = 17.13.35828.75 d17.13
MinimumVisualStudioVersion = 10.0.40219.1
Project("{FAE04EC0-301F-11D3-BF4B-00C04F79EFBC}") = "LeynadthBookstore", "LeynadthBookstore.csproj", "{C8EB26F7-389F-4CB9-86DA-70F897699B3E}"
EndProject
Project("{FAE04EC0-301F-11D3-BF4B-00C04F79EFBC}") = "LeynadthBookstoreTests", "..\LeynadthBookstoreTests\LeynadthBookstoreTests.csproj", "{543A2F7B-6A7B-4B4C-AA03-8D53EEC4E0E3}"
EndProject
Global
	GlobalSection(SolutionConfigurationPlatforms) = preSolution
		Debug|Any CPU = Debug|Any CPU
		Release|Any CPU = Release|Any CPU
	EndGlobalSection
	GlobalSection(ProjectConfigurationPlatforms) = postSolution
		{C8EB26F7-389F-4CB9-86DA-70F897699B3E}.Debug|Any CPU.ActiveCfg = Debug|Any CPU
		{C8EB26F7-389F-4CB9-86DA-70F897699B3E}.Debug|Any CPU.Build.0 = Debug|Any CPU
		{C8EB26F7-389F-4CB9-86DA-70F897699B3E}.Release|Any CPU.ActiveCfg = Release|Any CPU
		{C8EB26F7-389F-4CB9-86DA-70F897699B3E}.Release|Any CPU.Build.0 = Release|Any CPU
		{543A2F7B-6A7B-4B4C-AA03-8D53EEC4E0E3}.Debug|Any CPU.ActiveCfg = Debug|Any CPU
		{543A2F7B-6A7B-4B4C-AA03-8D53EEC4E0E3}.Debug|Any CPU.Build.0 = Debug|Any CPU
		{543A2F7B-6A7B-4B4C-AA03-8D53EEC4E0E3}.Release|Any CPU.ActiveCfg = Release|Any CPU
		{543A2F7B-6A7B-4B4C-AA03-8D53EEC4E0E3}.Release|Any CPU.Build.0 = Release|Any CPU
	EndGlobalSection
	GlobalSection(SolutionProperties) = preSolution
		HideSolutionNode = FALSE
	EndGlobalSection
	GlobalSection(ExtensibilityGlobals) = postSolution
		SolutionGuid = {53EE8629-E1F8-4327-9F85-F5E1A69432D0}
	EndGlobalSection
EndGlobal
